
Microsoft Visual Studio Solution File, Format Version 12.00
# Visual Studio Version 17
VisualStudioVersion = 17.5.33530.505
MinimumVisualStudioVersion = 10.0.40219.1
Project("{FAE04EC0-301F-11D3-BF4B-00C04F79EFBC}") = "SuperHeroAPI", "SuperHeroAPI\SuperHeroAPI.csproj", "{D171F160-9A41-41B4-9673-237CA5A7C5E6}"
EndProject
Global
	GlobalSection(SolutionConfigurationPlatforms) = preSolution
		Debug|Any CPU = Debug|Any CPU
		Release|Any CPU = Release|Any CPU
	EndGlobalSection
	GlobalSection(ProjectConfigurationPlatforms) = postSolution
		{D171F160-9A41-41B4-9673-237CA5A7C5E6}.Debug|Any CPU.ActiveCfg = Debug|Any CPU
		{D171F160-9A41-41B4-9673-237CA5A7C5E6}.Debug|Any CPU.Build.0 = Debug|Any CPU
		{D171F160-9A41-41B4-9673-237CA5A7C5E6}.Release|Any CPU.ActiveCfg = Release|Any CPU
		{D171F160-9A41-41B4-9673-237CA5A7C5E6}.Release|Any CPU.Build.0 = Release|Any CPU
	EndGlobalSection
	GlobalSection(SolutionProperties) = preSolution
		HideSolutionNode = FALSE
	EndGlobalSection
	GlobalSection(ExtensibilityGlobals) = postSolution
		SolutionGuid = {AA4EA7D7-378A-43E5-BFB2-F73BCF1A4DA3}
	EndGlobalSection
EndGlobal
